Microsoft Visual Studio Solution File, Format Version 12.00
# Visual Studio Version 17
VisualStudioVersion = 17.5.2.0
MinimumVisualStudioVersion = 10.0.40219.1
Project("{FAE04EC0-301F-11D3-BF4B-00C04F79EFBC}") = "estrutura-de-dados", "estrutura-de-dados.csproj", "{95D1C0CE-BD34-19BF-DE26-6F974E5685BF}"
EndProject
Global
	GlobalSection(SolutionConfigurationPlatforms) = preSolution
		Debug|Any CPU = Debug|Any CPU
		Release|Any CPU = Release|Any CPU
	EndGlobalSection
	GlobalSection(ProjectConfigurationPlatforms) = postSolution
		{95D1C0CE-BD34-19BF-DE26-6F974E5685BF}.Debug|Any CPU.ActiveCfg = Debug|Any CPU
		{95D1C0CE-BD34-19BF-DE26-6F974E5685BF}.Debug|Any CPU.Build.0 = Debug|Any CPU
		{95D1C0CE-BD34-19BF-DE26-6F974E5685BF}.Release|Any CPU.ActiveCfg = Release|Any CPU
		{95D1C0CE-BD34-19BF-DE26-6F974E5685BF}.Release|Any CPU.Build.0 = Release|Any CPU
	EndGlobalSection
	GlobalSection(SolutionProperties) = preSolution
		HideSolutionNode = FALSE
	EndGlobalSection
	GlobalSection(ExtensibilityGlobals) = postSolution
		SolutionGuid = {1AFB79C8-516A-4B12-8689-7C0E9F7DDA0E}
	EndGlobalSection
EndGlobal
